
Microsoft Visual Studio Solution File, Format Version 12.00
# Visual Studio Version 17
VisualStudioVersion = 17.8.34309.116
MinimumVisualStudioVersion = 10.0.40219.1
Project("{9A19103F-16F7-4668-BE54-9A1E7A4F7556}") = "BlazingTrails.Client", "BlazingTrails.Client\BlazingTrails.Client.csproj", "{2AD70E0D-88EB-42A2-82A5-6B4013DB7712}"
EndProject
Project("{FAE04EC0-301F-11D3-BF4B-00C04F79EFBC}") = "BlazingTrails.Api", "BlazingTrails.Api\BlazingTrails.Api.csproj", "{C50FC64B-A304-4B3F-9BEA-2F1413864175}"
EndProject
Global
	GlobalSection(SolutionConfigurationPlatforms) = preSolution
		Debug|Any CPU = Debug|Any CPU
		Release|Any CPU = Release|Any CPU
	EndGlobalSection
	GlobalSection(ProjectConfigurationPlatforms) = postSolution
		{2AD70E0D-88EB-42A2-82A5-6B4013DB7712}.Debug|Any CPU.ActiveCfg = Debug|Any CPU
		{2AD70E0D-88EB-42A2-82A5-6B4013DB7712}.Debug|Any CPU.Build.0 = Debug|Any CPU
		{2AD70E0D-88EB-42A2-82A5-6B4013DB7712}.Release|Any CPU.ActiveCfg = Release|Any CPU
		{2AD70E0D-88EB-42A2-82A5-6B4013DB7712}.Release|Any CPU.Build.0 = Release|Any CPU
		{C50FC64B-A304-4B3F-9BEA-2F1413864175}.Debug|Any CPU.ActiveCfg = Debug|Any CPU
		{C50FC64B-A304-4B3F-9BEA-2F1413864175}.Debug|Any CPU.Build.0 = Debug|Any CPU
		{C50FC64B-A304-4B3F-9BEA-2F1413864175}.Release|Any CPU.ActiveCfg = Release|Any CPU
		{C50FC64B-A304-4B3F-9BEA-2F1413864175}.Release|Any CPU.Build.0 = Release|Any CPU
	EndGlobalSection
	GlobalSection(SolutionProperties) = preSolution
		HideSolutionNode = FALSE
	EndGlobalSection
	GlobalSection(ExtensibilityGlobals) = postSolution
		SolutionGuid = {C457A4B4-88B4-4F50-9CF0-E416B02B8631}
	EndGlobalSection
EndGlobal
